// !$*UTF8*$!
{
	archiveVersion = 1;
	classes = {
	};
	objectVersion = 77;
	objects = {

/* Begin PBXBuildFile section */
		C00303412D8625B200C4F2C8 /* HealthKitManager.swift in Sources */ = {isa = PBXBuildFile; fileRef = C00303402D8625A900C4F2C8 /* HealthKitManager.swift */; };
/* End PBXBuildFile section */

/* Begin PBXContainerItemProxy section */
		C00303232D86211900C4F2C8 /* PBXContainerItemProxy */ = {
			isa = PBXContainerItemProxy;
			containerPortal = C003030A2D86211700C4F2C8 /* Project object */;
			proxyType = 1;
			remoteGlobalIDString = C00303112D86211700C4F2C8;
			remoteInfo = HealthDashboardConnector;
		};
		C003032D2D86211900C4F2C8 /* PBXContainerItemProxy */ = {
			isa = PBXContainerItemProxy;
			containerPortal = C003030A2D86211700C4F2C8 /* Project object */;
			proxyType = 1;
			remoteGlobalIDString = C00303112D86211700C4F2C8;
			remoteInfo = HealthDashboardConnector;
		};
/* End PBXContainerItemProxy section */

/* Begin PBXFileReference section */
		C00303122D86211700C4F2C8 /* HealthDashboardConnector.app */ = {isa = PBXFileReference; explicitFileType = wrapper.application; includeInIndex = 0; path = HealthDashboardConnector.app; sourceTree = BUILT_PRODUCTS_DIR; };
		C00303222D86211900C4F2C8 /* HealthDashboardConnectorTests.xctest */ = {isa = PBXFileReference; explicitFileType = wrapper.cfbundle; includeInIndex = 0; path = HealthDashboardConnectorTests.xctest; sourceTree = BUILT_PRODUCTS_DIR; };
		C003032C2D86211900C4F2C8 /* HealthDashboardConnectorUITests.xctest */ = {isa = PBXFileReference; explicitFileType = wrapper.cfbundle; includeInIndex = 0; path = HealthDashboardConnectorUITests.xctest; sourceTree = BUILT_PRODUCTS_DIR; };
		C00303402D8625A900C4F2C8 /* HealthKitManager.swift */ = {isa = PBXFileReference; lastKnownFileType = sourcecode.swift; path = HealthKitManager.swift; sourceTree = "<group>"; };
/* End PBXFileReference section */

/* Begin PBXFileSystemSynchronizedBuildFileExceptionSet section */
		C00303432D86262500C4F2C8 /* Exceptions for "HealthDashboardConnector" folder in "HealthDashboardConnector" target */ = {
			isa = PBXFileSystemSynchronizedBuildFileExceptionSet;
			membershipExceptions = (
				Info.plist,
			);
			target = C00303112D86211700C4F2C8 /* HealthDashboardConnector */;
		};
/* End PBXFileSystemSynchronizedBuildFileExceptionSet section */

/* Begin PBXFileSystemSynchronizedRootGroup section */
		C00303142D86211700C4F2C8 /* HealthDashboardConnector */ = {
			isa = PBXFileSystemSynchronizedRootGroup;
			exceptions = (
				C00303432D86262500C4F2C8 /* Exceptions for "HealthDashboardConnector" folder in "HealthDashboardConnector" target */,
			);
			path = HealthDashboardConnector;
			sourceTree = "<group>";
		};
		C00303252D86211900C4F2C8 /* HealthDashboardConnectorTests */ = {
			isa = PBXFileSystemSynchronizedRootGroup;
			path = HealthDashboardConnectorTests;
			sourceTree = "<group>";
		};
		C003032F2D86211900C4F2C8 /* HealthDashboardConnectorUITests */ = {
			isa = PBXFileSystemSynchronizedRootGroup;
			path = HealthDashboardConnectorUITests;
			sourceTree = "<group>";
		};
/* End PBXFileSystemSynchronizedRootGroup section */

/* Begin PBXFrameworksBuildPhase section */
		C003030F2D86211700C4F2C8 /* Frameworks */ = {
			isa = PBXFrameworksBuildPhase;
			buildActionMask = 2147483647;
			files = (
			);
			runOnlyForDeploymentPostprocessing = 0;
		};
		C003031F2D86211900C4F2C8 /* Frameworks */ = {
			isa = PBXFrameworksBuildPhase;
			buildActionMask = 2147483647;
			files = (
			);
			runOnlyForDeploymentPostprocessing = 0;
		};
		C00303292D86211900C4F2C8 /* Frameworks */ = {
			isa = PBXFrameworksBuildPhase;
			buildActionMask = 2147483647;
			files = (
			);
			runOnlyForDeploymentPostprocessing = 0;
		};
/* End PBXFrameworksBuildPhase section */

/* Begin PBXGroup section */
		C00303092D86211700C4F2C8 = {
			isa = PBXGroup;
			children = (
				C00303402D8625A900C4F2C8 /* HealthKitManager.swift */,
				C00303142D86211700C4F2C8 /* HealthDashboardConnector */,
				C00303252D86211900C4F2C8 /* HealthDashboardConnectorTests */,
				C003032F2D86211900C4F2C8 /* HealthDashboardConnectorUITests */,
				C00303132D86211700C4F2C8 /* Products */,
			);
			sourceTree = "<group>";
			usesTabs = 0;
		};
		C00303132D86211700C4F2C8 /* Products */ = {
			isa = PBXGroup;
			children = (
				C00303122D86211700C4F2C8 /* HealthDashboardConnector.app */,
				C00303222D86211900C4F2C8 /* HealthDashboardConnectorTests.xctest */,
				C003032C2D86211900C4F2C8 /* HealthDashboardConnectorUITests.xctest */,
			);
			name = Products;
			sourceTree = "<group>";
		};
/* End PBXGroup section */

/* Begin PBXNativeTarget section */
		C00303112D86211700C4F2C8 /* HealthDashboardConnector */ = {
			isa = PBXNativeTarget;
			buildConfigurationList = C00303362D86211900C4F2C8 /* Build configuration list for PBXNativeTarget "HealthDashboardConnector" */;
			buildPhases = (
				C003030E2D86211700C4F2C8 /* Sources */,
				C003030F2D86211700C4F2C8 /* Frameworks */,
				C00303102D86211700C4F2C8 /* Resources */,
			);
			buildRules = (
			);
			dependencies = (
			);
			fileSystemSynchronizedGroups = (
				C00303142D86211700C4F2C8 /* HealthDashboardConnector */,
			);
			name = HealthDashboardConnector;
			packageProductDependencies = (
			);
			productName = HealthDashboardConnector;
			productReference = C00303122D86211700C4F2C8 /* HealthDashboardConnector.app */;
			productType = "com.apple.product-type.application";
		};
		C00303212D86211900C4F2C8 /* HealthDashboardConnectorTests */ = {
			isa = PBXNativeTarget;
			buildConfigurationList = C00303392D86211900C4F2C8 /* Build configuration list for PBXNativeTarget "HealthDashboardConnectorTests" */;
			buildPhases = (
				C003031E2D86211900C4F2C8 /* Sources */,
				C003031F2D86211900C4F2C8 /* Frameworks */,
				C00303202D86211900C4F2C8 /* Resources */,
			);
			buildRules = (
			);
			dependencies = (
				C00303242D86211900C4F2C8 /* PBXTargetDependency */,
			);
			fileSystemSynchronizedGroups = (
				C00303252D86211900C4F2C8 /* HealthDashboardConnectorTests */,
			);
			name = HealthDashboardConnectorTests;
			packageProductDependencies = (
			);
			productName = HealthDashboardConnectorTests;
			productReference = C00303222D86211900C4F2C8 /* HealthDashboardConnectorTests.xctest */;
			productType = "com.apple.product-type.bundle.unit-test";
		};
		C003032B2D86211900C4F2C8 /* HealthDashboardConnectorUITests */ = {
			isa = PBXNativeTarget;
			buildConfigurationList = C003033C2D86211900C4F2C8 /* Build configuration list for PBXNativeTarget "HealthDashboardConnectorUITests" */;
			buildPhases = (
				C00303282D86211900C4F2C8 /* Sources */,
				C00303292D86211900C4F2C8 /* Frameworks */,
				C003032A2D86211900C4F2C8 /* Resources */,
			);
			buildRules = (
			);
			dependencies = (
				C003032E2D86211900C4F2C8 /* PBXTargetDependency */,
			);
			fileSystemSynchronizedGroups = (
				C003032F2D86211900C4F2C8 /* HealthDashboardConnectorUITests */,
			);
			name = HealthDashboardConnectorUITests;
			packageProductDependencies = (
			);
			productName = HealthDashboardConnectorUITests;
			productReference = C003032C2D86211900C4F2C8 /* HealthDashboardConnectorUITests.xctest */;
			productType = "com.apple.product-type.bundle.ui-testing";
		};
/* End PBXNativeTarget section */

/* Begin PBXProject section */
		C003030A2D86211700C4F2C8 /* Project object */ = {
			isa = PBXProject;
			attributes = {
				BuildIndependentTargetsInParallel = 1;
				LastSwiftUpdateCheck = 1620;
				LastUpgradeCheck = 1620;
				TargetAttributes = {
					C00303112D86211700C4F2C8 = {
						CreatedOnToolsVersion = 16.2;
					};
					C00303212D86211900C4F2C8 = {
						CreatedOnToolsVersion = 16.2;
						TestTargetID = C00303112D86211700C4F2C8;
					};
					C003032B2D86211900C4F2C8 = {
						CreatedOnToolsVersion = 16.2;
						TestTargetID = C00303112D86211700C4F2C8;
					};
				};
			};
			buildConfigurationList = C003030D2D86211700C4F2C8 /* Build configuration list for PBXProject "HealthDashboardConnector" */;
			developmentRegion = en;
			hasScannedForEncodings = 0;
			knownRegions = (
				en,
				Base,
			);
			mainGroup = C00303092D86211700C4F2C8;
			minimizedProjectReferenceProxies = 1;
			preferredProjectObjectVersion = 77;
			productRefGroup = C00303132D86211700C4F2C8 /* Products */;
			projectDirPath = "";
			projectRoot = "";
			targets = (
				C00303112D86211700C4F2C8 /* HealthDashboardConnector */,
				C00303212D86211900C4F2C8 /* HealthDashboardConnectorTests */,
				C003032B2D86211900C4F2C8 /* HealthDashboardConnectorUITests */,
			);
		};
/* End PBXProject section */

/* Begin PBXResourcesBuildPhase section */
		C00303102D86211700C4F2C8 /* Resources */ = {
			isa = PBXResourcesBuildPhase;
			buildActionMask = 2147483647;
			files = (
			);
			runOnlyForDeploymentPostprocessing = 0;
		};
		C00303202D86211900C4F2C8 /* Resources */ = {
			isa = PBXResourcesBuildPhase;
			buildActionMask = 2147483647;
			files = (
			);
			runOnlyForDeploymentPostprocessing = 0;
		};
		C003032A2D86211900C4F2C8 /* Resources */ = {
			isa = PBXResourcesBuildPhase;
			buildActionMask = 2147483647;
			files = (
			);
			runOnlyForDeploymentPostprocessing = 0;
		};
/* End PBXResourcesBuildPhase section */

/* Begin PBXSourcesBuildPhase section */
		C003030E2D86211700C4F2C8 /* Sources */ = {
			isa = PBXSourcesBuildPhase;
			buildActionMask = 2147483647;
			files = (
				C00303412D8625B200C4F2C8 /* HealthKitManager.swift in Sources */,
			);
			runOnlyForDeploymentPostprocessing = 0;
		};
		C003031E2D86211900C4F2C8 /* Sources */ = {
			isa = PBXSourcesBuildPhase;
			buildActionMask = 2147483647;
			files = (
			);
			runOnlyForDeploymentPostprocessing = 0;
		};
		C00303282D86211900C4F2C8 /* Sources */ = {
			isa = PBXSourcesBuildPhase;
			buildActionMask = 2147483647;
			files = (
			);
			runOnlyForDeploymentPostprocessing = 0;
		};
/* End PBXSourcesBuildPhase section */

/* Begin PBXTargetDependency section */
		C00303242D86211900C4F2C8 /* PBXTargetDependency */ = {
			isa = PBXTargetDependency;
			target = C00303112D86211700C4F2C8 /* HealthDashboardConnector */;
			targetProxy = C00303232D86211900C4F2C8 /* PBXContainerItemProxy */;
		};
		C003032E2D86211900C4F2C8 /* PBXTargetDependency */ = {
			isa = PBXTargetDependency;
			target = C00303112D86211700C4F2C8 /* HealthDashboardConnector */;
			targetProxy = C003032D2D86211900C4F2C8 /* PBXContainerItemProxy */;
		};
/* End PBXTargetDependency section */

/* Begin XCBuildConfiguration section */
		C00303342D86211900C4F2C8 /* Debug */ = {
			isa = XCBuildConfiguration;
			buildSettings = {
				ALWAYS_SEARCH_USER_PATHS = NO;
				ASSETCATALOG_COMPILER_GENERATE_SWIFT_ASSET_SYMBOL_EXTENSIONS = YES;
				CLANG_ANALYZER_NONNULL = YES;
				CLANG_ANALYZER_NUMBER_OBJECT_CONVERSION = YES_AGGRESSIVE;
				CLANG_CXX_LANGUAGE_STANDARD = "gnu++20";
				CLANG_ENABLE_MODULES = YES;
				CLANG_ENABLE_OBJC_ARC = YES;
				CLANG_ENABLE_OBJC_WEAK = YES;
				CLANG_WARN_BLOCK_CAPTURE_AUTORELEASING = YES;
				CLANG_WARN_BOOL_CONVERSION = YES;
				CLANG_WARN_COMMA = YES;
				CLANG_WARN_CONSTANT_CONVERSION = YES;
				CLANG_WARN_DEPRECATED_OBJC_IMPLEMENTATIONS = YES;
				CLANG_WARN_DIRECT_OBJC_ISA_USAGE = YES_ERROR;
				CLANG_WARN_DOCUMENTATION_COMMENTS = YES;
				CLANG_WARN_EMPTY_BODY = YES;
				CLANG_WARN_ENUM_CONVERSION = YES;
				CLANG_WARN_INFINITE_RECURSION = YES;
				CLANG_WARN_INT_CONVERSION = YES;
				CLANG_WARN_NON_LITERAL_NULL_CONVERSION = YES;
				CLANG_WARN_OBJC_IMPLICIT_RETAIN_SELF = YES;
				CLANG_WARN_OBJC_LITERAL_CONVERSION = YES;
				CLANG_WARN_OBJC_ROOT_CLASS = YES_ERROR;
				CLANG_WARN_QUOTED_INCLUDE_IN_FRAMEWORK_HEADER = YES;
				CLANG_WARN_RANGE_LOOP_ANALYSIS = YES;
				CLANG_WARN_STRICT_PROTOTYPES = YES;
				CLANG_WARN_SUSPICIOUS_MOVE = YES;
				CLANG_WARN_UNGUARDED_AVAILABILITY = YES_AGGRESSIVE;
				CLANG_WARN_UNREACHABLE_CODE = YES;
				CLANG_WARN__DUPLICATE_METHOD_MATCH = YES;
				COPY_PHASE_STRIP = NO;
				DEBUG_INFORMATION_FORMAT = dwarf;
				ENABLE_STRICT_OBJC_MSGSEND = YES;
				ENABLE_TESTABILITY = YES;
				ENABLE_USER_SCRIPT_SANDBOXING = YES;
				GCC_C_LANGUAGE_STANDARD = gnu17;
				GCC_DYNAMIC_NO_PIC = NO;
				GCC_NO_COMMON_BLOCKS = YES;
				GCC_OPTIMIZATION_LEVEL = 0;
				GCC_PREPROCESSOR_DEFINITIONS = (
					"DEBUG=1",
					"$(inherited)",
				);
				GCC_WARN_64_TO_32_BIT_CONVERSION = YES;
				GCC_WARN_ABOUT_RETURN_TYPE = YES_ERROR;
				GCC_WARN_UNDECLARED_SELECTOR = YES;
				GCC_WARN_UNINITIALIZED_AUTOS = YES_AGGRESSIVE;
				GCC_WARN_UNUSED_FUNCTION = YES;
				GCC_WARN_UNUSED_VARIABLE = YES;
				IPHONEOS_DEPLOYMENT_TARGET = 18.2;
				LOCALIZATION_PREFERS_STRING_CATALOGS = YES;
				MTL_ENABLE_DEBUG_INFO = INCLUDE_SOURCE;
				MTL_FAST_MATH = YES;
				ONLY_ACTIVE_ARCH = YES;
				SDKROOT = iphoneos;
				SWIFT_ACTIVE_COMPILATION_CONDITIONS = "DEBUG $(inherited)";
				SWIFT_OPTIMIZATION_LEVEL = "-Onone";
			};
			name = Debug;
		};
		C00303352D86211900C4F2C8 /* Release */ = {
			isa = XCBuildConfiguration;
			buildSettings = {
				ALWAYS_SEARCH_USER_PATHS = NO;
				ASSETCATALOG_COMPILER_GENERATE_SWIFT_ASSET_SYMBOL_EXTENSIONS = YES;
				CLANG_ANALYZER_NONNULL = YES;
				CLANG_ANALYZER_NUMBER_OBJECT_CONVERSION = YES_AGGRESSIVE;
				CLANG_CXX_LANGUAGE_STANDARD = "gnu++20";
				CLANG_ENABLE_MODULES = YES;
				CLANG_ENABLE_OBJC_ARC = YES;
				CLANG_ENABLE_OBJC_WEAK = YES;
				CLANG_WARN_BLOCK_CAPTURE_AUTORELEASING = YES;
				CLANG_WARN_BOOL_CONVERSION = YES;
				CLANG_WARN_COMMA = YES;
				CLANG_WARN_CONSTANT_CONVERSION = YES;
				CLANG_WARN_DEPRECATED_OBJC_IMPLEMENTATIONS = YES;
				CLANG_WARN_DIRECT_OBJC_ISA_USAGE = YES_ERROR;
				CLANG_WARN_DOCUMENTATION_COMMENTS = YES;
				CLANG_WARN_EMPTY_BODY = YES;
				CLANG_WARN_ENUM_CONVERSION = YES;
				CLANG_WARN_INFINITE_RECURSION = YES;
				CLANG_WARN_INT_CONVERSION = YES;
				CLANG_WARN_NON_LITERAL_NULL_CONVERSION = YES;
				CLANG_WARN_OBJC_IMPLICIT_RETAIN_SELF = YES;
				CLANG_WARN_OBJC_LITERAL_CONVERSION = YES;
				CLANG_WARN_OBJC_ROOT_CLASS = YES_ERROR;
				CLANG_WARN_QUOTED_INCLUDE_IN_FRAMEWORK_HEADER = YES;
				CLANG_WARN_RANGE_LOOP_ANALYSIS = YES;
				CLANG_WARN_STRICT_PROTOTYPES = YES;
				CLANG_WARN_SUSPICIOUS_MOVE = YES;
				CLANG_WARN_UNGUARDED_AVAILABILITY = YES_AGGRESSIVE;
				CLANG_WARN_UNREACHABLE_CODE = YES;
				CLANG_WARN__DUPLICATE_METHOD_MATCH = YES;
				COPY_PHASE_STRIP = NO;
				DEBUG_INFORMATION_FORMAT = "dwarf-with-dsym";
				ENABLE_NS_ASSERTIONS = NO;
				ENABLE_STRICT_OBJC_MSGSEND = YES;
				ENABLE_USER_SCRIPT_SANDBOXING = YES;
				GCC_C_LANGUAGE_STANDARD = gnu17;
				GCC_NO_COMMON_BLOCKS = YES;
				GCC_WARN_64_TO_32_BIT_CONVERSION = YES;
				GCC_WARN_ABOUT_RETURN_TYPE = YES_ERROR;
				GCC_WARN_UNDECLARED_SELECTOR = YES;
				GCC_WARN_UNINITIALIZED_AUTOS = YES_AGGRESSIVE;
				GCC_WARN_UNUSED_FUNCTION = YES;
				GCC_WARN_UNUSED_VARIABLE = YES;
				IPHONEOS_DEPLOYMENT_TARGET = 18.2;
				LOCALIZATION_PREFERS_STRING_CATALOGS = YES;
				MTL_ENABLE_DEBUG_INFO = NO;
				MTL_FAST_MATH = YES;
				SDKROOT = iphoneos;
				SWIFT_COMPILATION_MODE = wholemodule;
				VALIDATE_PRODUCT = YES;
			};
			name = Release;
		};
		C00303372D86211900C4F2C8 /* Debug */ = {
			isa = XCBuildConfiguration;
			buildSettings = {
				ASSETCATALOG_COMPILER_APPICON_NAME = AppIcon;
				ASSETCATALOG_COMPILER_GLOBAL_ACCENT_COLOR_NAME = AccentColor;
				CODE_SIGN_ENTITLEMENTS = HealthDashboardConnector/HealthDashboardConnector.entitlements;
				CODE_SIGN_STYLE = Automatic;
				CURRENT_PROJECT_VERSION = 1;
				DEVELOPMENT_ASSET_PATHS = "\"HealthDashboardConnector/Preview Content\"";
				DEVELOPMENT_TEAM = 3Y4F3KTSJA;
				ENABLE_PREVIEWS = YES;
				GENERATE_INFOPLIST_FILE = YES;
				INFOPLIST_FILE = HealthDashboardConnector/Info.plist;
				INFOPLIST_KEY_UIApplicationSceneManifest_Generation = YES;
				INFOPLIST_KEY_UIApplicationSupportsIndirectInputEvents = YES;
				INFOPLIST_KEY_UILaunchScreen_Generation = YES;
				INFOPLIST_KEY_UISupportedInterfaceOrientations_iPad = "UIInterfaceOrientationPortrait UIInterfaceOrientationPortraitUpsideDown UIInterfaceOrientationLandscapeLeft UIInterfaceOrientationLandscapeRight";
				INFOPLIST_KEY_UISupportedInterfaceOrientations_iPhone = "UIInterfaceOrientationPortrait UIInterfaceOrientationLandscapeLeft UIInterfaceOrientationLandscapeRight";
				IPHONEOS_DEPLOYMENT_TARGET = 18;
				LD_RUNPATH_SEARCH_PATHS = (
					"$(inherited)",
					"@executable_path/Frameworks",
				);
				MARKETING_VERSION = 1.0;
				PRODUCT_BUNDLE_IDENTIFIER = com.timeowilliams.HealthDashboardConnector;
				PRODUCT_NAME = "$(TARGET_NAME)";
				SWIFT_EMIT_LOC_STRINGS = YES;
				SWIFT_VERSION = 5.0;
				TARGETED_DEVICE_FAMILY = "1,2";
			};
			name = Debug;
		};
		C00303382D86211900C4F2C8 /* Release */ = {
			isa = XCBuildConfiguration;
			buildSettings = {
				ASSETCATALOG_COMPILER_APPICON_NAME = AppIcon;
				ASSETCATALOG_COMPILER_GLOBAL_ACCENT_COLOR_NAME = AccentColor;
				CODE_SIGN_ENTITLEMENTS = HealthDashboardConnector/HealthDashboardConnector.entitlements;
				CODE_SIGN_STYLE = Automatic;
				CURRENT_PROJECT_VERSION = 1;
				DEVELOPMENT_ASSET_PATHS = "\"HealthDashboardConnector/Preview Content\"";
				DEVELOPMENT_TEAM = 3Y4F3KTSJA;
				ENABLE_PREVIEWS = YES;
				GENERATE_INFOPLIST_FILE = YES;
				INFOPLIST_FILE = HealthDashboardConnector/Info.plist;
				INFOPLIST_KEY_UIApplicationSceneManifest_Generation = YES;
				INFOPLIST_KEY_UIApplicationSupportsIndirectInputEvents = YES;
				INFOPLIST_KEY_UILaunchScreen_Generation = YES;
				INFOPLIST_KEY_UISupportedInterfaceOrientations_iPad = "UIInterfaceOrientationPortrait UIInterfaceOrientationPortraitUpsideDown UIInterfaceOrientationLandscapeLeft UIInterfaceOrientationLandscapeRight";
				INFOPLIST_KEY_UISupportedInterfaceOrientations_iPhone = "UIInterfaceOrientationPortrait UIInterfaceOrientationLandscapeLeft UIInterfaceOrientationLandscapeRight";
				IPHONEOS_DEPLOYMENT_TARGET = 18;
				LD_RUNPATH_SEARCH_PATHS = (
					"$(inherited)",
					"@executable_path/Frameworks",
				);
				MARKETING_VERSION = 1.0;
				PRODUCT_BUNDLE_IDENTIFIER = com.timeowilliams.HealthDashboardConnector;
				PRODUCT_NAME = "$(TARGET_NAME)";
				SWIFT_EMIT_LOC_STRINGS = YES;
				SWIFT_VERSION = 5.0;
				TARGETED_DEVICE_FAMILY = "1,2";
			};
			name = Release;
		};
		C003033A2D86211900C4F2C8 /* Debug */ = {
			isa = XCBuildConfiguration;
			buildSettings = {
				BUNDLE_LOADER = "$(TEST_HOST)";
				CODE_SIGN_STYLE = Automatic;
				CURRENT_PROJECT_VERSION = 1;
				DEVELOPMENT_TEAM = 3Y4F3KTSJA;
				GENERATE_INFOPLIST_FILE = YES;
				IPHONEOS_DEPLOYMENT_TARGET = 18.2;
				MARKETING_VERSION = 1.0;
				PRODUCT_BUNDLE_IDENTIFIER = "-3Y4F3KTSJA.HealthDashboardConnectorTests";
				PRODUCT_NAME = "$(TARGET_NAME)";
				SWIFT_EMIT_LOC_STRINGS = NO;
				SWIFT_VERSION = 5.0;
				TARGETED_DEVICE_FAMILY = "1,2";
				TEST_HOST = "$(BUILT_PRODUCTS_DIR)/HealthDashboardConnector.app/$(BUNDLE_EXECUTABLE_FOLDER_PATH)/HealthDashboardConnector";
			};
			name = Debug;
		};
		C003033B2D86211900C4F2C8 /* Release */ = {
			isa = XCBuildConfiguration;
			buildSettings = {
				BUNDLE_LOADER = "$(TEST_HOST)";
				CODE_SIGN_STYLE = Automatic;
				CURRENT_PROJECT_VERSION = 1;
				DEVELOPMENT_TEAM = 3Y4F3KTSJA;
				GENERATE_INFOPLIST_FILE = YES;
				IPHONEOS_DEPLOYMENT_TARGET = 18.2;
				MARKETING_VERSION = 1.0;
				PRODUCT_BUNDLE_IDENTIFIER = "-3Y4F3KTSJA.HealthDashboardConnectorTests";
				PRODUCT_NAME = "$(TARGET_NAME)";
				SWIFT_EMIT_LOC_STRINGS = NO;
				SWIFT_VERSION = 5.0;
				TARGETED_DEVICE_FAMILY = "1,2";
				TEST_HOST = "$(BUILT_PRODUCTS_DIR)/HealthDashboardConnector.app/$(BUNDLE_EXECUTABLE_FOLDER_PATH)/HealthDashboardConnector";
			};
			name = Release;
		};
		C003033D2D86211900C4F2C8 /* Debug */ = {
			isa = XCBuildConfiguration;
			buildSettings = {
				CODE_SIGN_STYLE = Automatic;
				CURRENT_PROJECT_VERSION = 1;
				DEVELOPMENT_TEAM = 3Y4F3KTSJA;
				GENERATE_INFOPLIST_FILE = YES;
				MARKETING_VERSION = 1.0;
				PRODUCT_BUNDLE_IDENTIFIER = "-3Y4F3KTSJA.HealthDashboardConnectorUITests";
				PRODUCT_NAME = "$(TARGET_NAME)";
				SWIFT_EMIT_LOC_STRINGS = NO;
				SWIFT_VERSION = 5.0;
				TARGETED_DEVICE_FAMILY = "1,2";
				TEST_TARGET_NAME = HealthDashboardConnector;
			};
			name = Debug;
		};
		C003033E2D86211900C4F2C8 /* Release */ = {
			isa = XCBuildConfiguration;
			buildSettings = {
				CODE_SIGN_STYLE = Automatic;
				CURRENT_PROJECT_VERSION = 1;
				DEVELOPMENT_TEAM = 3Y4F3KTSJA;
				GENERATE_INFOPLIST_FILE = YES;
				MARKETING_VERSION = 1.0;
				PRODUCT_BUNDLE_IDENTIFIER = "-3Y4F3KTSJA.HealthDashboardConnectorUITests";
				PRODUCT_NAME = "$(TARGET_NAME)";
				SWIFT_EMIT_LOC_STRINGS = NO;
				SWIFT_VERSION = 5.0;
				TARGETED_DEVICE_FAMILY = "1,2";
				TEST_TARGET_NAME = HealthDashboardConnector;
			};
			name = Release;
		};
/* End XCBuildConfiguration section */

/* Begin XCConfigurationList section */
		C003030D2D86211700C4F2C8 /* Build configuration list for PBXProject "HealthDashboardConnector" */ = {
			isa = XCConfigurationList;
			buildConfigurations = (
				C00303342D86211900C4F2C8 /* Debug */,
				C00303352D86211900C4F2C8 /* Release */,
			);
			defaultConfigurationIsVisible = 0;
			defaultConfigurationName = Release;
		};
		C00303362D86211900C4F2C8 /* Build configuration list for PBXNativeTarget "HealthDashboardConnector" */ = {
			isa = XCConfigurationList;
			buildConfigurations = (
				C00303372D86211900C4F2C8 /* Debug */,
				C00303382D86211900C4F2C8 /* Release */,
			);
			defaultConfigurationIsVisible = 0;
			defaultConfigurationName = Release;
		};
		C00303392D86211900C4F2C8 /* Build configuration list for PBXNativeTarget "HealthDashboardConnectorTests" */ = {
			isa = XCConfigurationList;
			buildConfigurations = (
				C003033A2D86211900C4F2C8 /* Debug */,
				C003033B2D86211900C4F2C8 /* Release */,
			);
			defaultConfigurationIsVisible = 0;
			defaultConfigurationName = Release;
		};
		C003033C2D86211900C4F2C8 /* Build configuration list for PBXNativeTarget "HealthDashboardConnectorUITests" */ = {
			isa = XCConfigurationList;
			buildConfigurations = (
				C003033D2D86211900C4F2C8 /* Debug */,
				C003033E2D86211900C4F2C8 /* Release */,
			);
			defaultConfigurationIsVisible = 0;
			defaultConfigurationName = Release;
		};
/* End XCConfigurationList section */
	};
	rootObject = C003030A2D86211700C4F2C8 /* Project object */;
}
